
Microsoft Visual Studio Solution File, Format Version 12.00
# Visual Studio Version 17
VisualStudioVersion = 17.9.34728.123
MinimumVisualStudioVersion = 10.0.40219.1
Project("{2150E333-8FDC-42A3-9474-1A3956D46DE8}") = "src", "src", "{4F83A20F-2C8D-42BE-9683-4A4F60FEBAFC}"
EndProject
Project("{2150E333-8FDC-42A3-9474-1A3956D46DE8}") = "Application", "Application", "{329C1307-C94B-4616-966B-40766887E613}"
EndProject
Project("{2150E333-8FDC-42A3-9474-1A3956D46DE8}") = "Domain", "Domain", "{3F0E96E1-C050-458F-9FC9-C692D013A076}"
EndProject
Project("{2150E333-8FDC-42A3-9474-1A3956D46DE8}") = "Infrastructure", "Infrastructure", "{B100C706-776C-439D-B236-63D1EA22FA5C}"
EndProject
Project("{2150E333-8FDC-42A3-9474-1A3956D46DE8}") = "Provider", "Provider", "{B11F7EA8-5FAC-4A26-9910-DFF80C7A369A}"
EndProject
Project("{9A19103F-16F7-4668-BE54-9A1E7A4F7556}") = "BestBuy.Abstractions", "BestBuy.Abstractions\BestBuy.Abstractions.csproj", "{542EFF18-50F7-47F8-8962-4109435622BC}"
EndProject
Project("{9A19103F-16F7-4668-BE54-9A1E7A4F7556}") = "BestBuy.Core", "BestBuy.Core\BestBuy.Core.csproj", "{4ABC61D1-4CFA-4EA3-83B4-3ECC20055029}"
EndProject
Project("{9A19103F-16F7-4668-BE54-9A1E7A4F7556}") = "BestBuy.EFCore", "BestBuy.EFCore\BestBuy.EFCore.csproj", "{B422B105-2856-4A8B-B459-7119C1131161}"
EndProject
Project("{9A19103F-16F7-4668-BE54-9A1E7A4F7556}") = "BestBuy.ExternalAPI.Service", "BestBuy.ExternalAPI.Service\BestBuy.ExternalAPI.Service.csproj", "{B2D0B921-4985-4AAA-8AD5-C96430DEDC92}"
EndProject
Project("{FAE04EC0-301F-11D3-BF4B-00C04F79EFBC}") = "Atriis.BestBuy.API", "Atriis.BestBuy.API\Atriis.BestBuy.API.csproj", "{59E50467-2A8A-4701-A36E-2B6A12F2C2CE}"
EndProject
Global
	GlobalSection(SolutionConfigurationPlatforms) = preSolution
		Debug|Any CPU = Debug|Any CPU
		Release|Any CPU = Release|Any CPU
	EndGlobalSection
	GlobalSection(ProjectConfigurationPlatforms) = postSolution
		{542EFF18-50F7-47F8-8962-4109435622BC}.Debug|Any CPU.ActiveCfg = Debug|Any CPU
		{542EFF18-50F7-47F8-8962-4109435622BC}.Debug|Any CPU.Build.0 = Debug|Any CPU
		{542EFF18-50F7-47F8-8962-4109435622BC}.Release|Any CPU.ActiveCfg = Release|Any CPU
		{542EFF18-50F7-47F8-8962-4109435622BC}.Release|Any CPU.Build.0 = Release|Any CPU
		{4ABC61D1-4CFA-4EA3-83B4-3ECC20055029}.Debug|Any CPU.ActiveCfg = Debug|Any CPU
		{4ABC61D1-4CFA-4EA3-83B4-3ECC20055029}.Debug|Any CPU.Build.0 = Debug|Any CPU
		{4ABC61D1-4CFA-4EA3-83B4-3ECC20055029}.Release|Any CPU.ActiveCfg = Release|Any CPU
		{4ABC61D1-4CFA-4EA3-83B4-3ECC20055029}.Release|Any CPU.Build.0 = Release|Any CPU
		{B422B105-2856-4A8B-B459-7119C1131161}.Debug|Any CPU.ActiveCfg = Debug|Any CPU
		{B422B105-2856-4A8B-B459-7119C1131161}.Debug|Any CPU.Build.0 = Debug|Any CPU
		{B422B105-2856-4A8B-B459-7119C1131161}.Release|Any CPU.ActiveCfg = Release|Any CPU
		{B422B105-2856-4A8B-B459-7119C1131161}.Release|Any CPU.Build.0 = Release|Any CPU
		{B2D0B921-4985-4AAA-8AD5-C96430DEDC92}.Debug|Any CPU.ActiveCfg = Debug|Any CPU
		{B2D0B921-4985-4AAA-8AD5-C96430DEDC92}.Debug|Any CPU.Build.0 = Debug|Any CPU
		{B2D0B921-4985-4AAA-8AD5-C96430DEDC92}.Release|Any CPU.ActiveCfg = Release|Any CPU
		{B2D0B921-4985-4AAA-8AD5-C96430DEDC92}.Release|Any CPU.Build.0 = Release|Any CPU
		{59E50467-2A8A-4701-A36E-2B6A12F2C2CE}.Debug|Any CPU.ActiveCfg = Debug|Any CPU
		{59E50467-2A8A-4701-A36E-2B6A12F2C2CE}.Debug|Any CPU.Build.0 = Debug|Any CPU
		{59E50467-2A8A-4701-A36E-2B6A12F2C2CE}.Release|Any CPU.ActiveCfg = Release|Any CPU
		{59E50467-2A8A-4701-A36E-2B6A12F2C2CE}.Release|Any CPU.Build.0 = Release|Any CPU
	EndGlobalSection
	GlobalSection(SolutionProperties) = preSolution
		HideSolutionNode = FALSE
	EndGlobalSection
	GlobalSection(NestedProjects) = preSolution
		{329C1307-C94B-4616-966B-40766887E613} = {4F83A20F-2C8D-42BE-9683-4A4F60FEBAFC}
		{3F0E96E1-C050-458F-9FC9-C692D013A076} = {4F83A20F-2C8D-42BE-9683-4A4F60FEBAFC}
		{B100C706-776C-439D-B236-63D1EA22FA5C} = {4F83A20F-2C8D-42BE-9683-4A4F60FEBAFC}
		{B11F7EA8-5FAC-4A26-9910-DFF80C7A369A} = {4F83A20F-2C8D-42BE-9683-4A4F60FEBAFC}
		{542EFF18-50F7-47F8-8962-4109435622BC} = {3F0E96E1-C050-458F-9FC9-C692D013A076}
		{4ABC61D1-4CFA-4EA3-83B4-3ECC20055029} = {3F0E96E1-C050-458F-9FC9-C692D013A076}
		{B422B105-2856-4A8B-B459-7119C1131161} = {B100C706-776C-439D-B236-63D1EA22FA5C}
		{B2D0B921-4985-4AAA-8AD5-C96430DEDC92} = {B11F7EA8-5FAC-4A26-9910-DFF80C7A369A}
		{59E50467-2A8A-4701-A36E-2B6A12F2C2CE} = {329C1307-C94B-4616-966B-40766887E613}
	EndGlobalSection
	GlobalSection(ExtensibilityGlobals) = postSolution
		SolutionGuid = {7C257C59-C3F0-493A-99AE-FEBFB599EBF1}
	EndGlobalSection
EndGlobal
